// !$*UTF8*$!
{
	archiveVersion = 1;
	classes = {
	};
	objectVersion = 55;
	objects = {

/* Begin PBXBuildFile section */
		68BF327D2620C787DF0A3730 /* Pods_coinWellHomeWork.framework in Frameworks */ = {isa = PBXBuildFile; fileRef = A90BBDB203AB8E2FEFCEFB58 /* Pods_coinWellHomeWork.framework */; };
		DD3CCA2627BE432F00FA18FF /* CoinTableViewCell.swift in Sources */ = {isa = PBXBuildFile; fileRef = DD3CCA2527BE432F00FA18FF /* CoinTableViewCell.swift */; };
		DDEADC3B27BE33F60040D95A /* AppDelegate.swift in Sources */ = {isa = PBXBuildFile; fileRef = DDEADC3A27BE33F60040D95A /* AppDelegate.swift */; };
		DDEADC3D27BE33F60040D95A /* SceneDelegate.swift in Sources */ = {isa = PBXBuildFile; fileRef = DDEADC3C27BE33F60040D95A /* SceneDelegate.swift */; };
		DDEADC3F27BE33F60040D95A /* ViewController.swift in Sources */ = {isa = PBXBuildFile; fileRef = DDEADC3E27BE33F60040D95A /* ViewController.swift */; };
		DDEADC4227BE33F60040D95A /* Main.storyboard in Resources */ = {isa = PBXBuildFile; fileRef = DDEADC4027BE33F60040D95A /* Main.storyboard */; };
		DDEADC4427BE33F80040D95A /* Assets.xcassets in Resources */ = {isa = PBXBuildFile; fileRef = DDEADC4327BE33F80040D95A /* Assets.xcassets */; };
		DDEADC4727BE33F80040D95A /* LaunchScreen.storyboard in Resources */ = {isa = PBXBuildFile; fileRef = DDEADC4527BE33F80040D95A /* LaunchScreen.storyboard */; };
		DDEADC5227BE38A20040D95A /* ApiManager.swift in Sources */ = {isa = PBXBuildFile; fileRef = DDEADC5127BE38A20040D95A /* ApiManager.swift */; };
		DDEADC5427BE3B690040D95A /* CoinServerModel.swift in Sources */ = {isa = PBXBuildFile; fileRef = DDEADC5327BE3B690040D95A /* CoinServerModel.swift */; };
		DDEADC5627BE3C340040D95A /* CoinClientModel.swift in Sources */ = {isa = PBXBuildFile; fileRef = DDEADC5527BE3C340040D95A /* CoinClientModel.swift */; };
		DDEADC5827BE3C700040D95A /* ModelConverter.swift in Sources */ = {isa = PBXBuildFile; fileRef = DDEADC5727BE3C700040D95A /* ModelConverter.swift */; };
/* End PBXBuildFile section */

/* Begin PBXFileReference section */
		16BEAFA7393041573F42DC22 /* Pods-coinWellHomeWork.release.xcconfig */ = {isa = PBXFileReference; includeInIndex = 1; lastKnownFileType = text.xcconfig; name = "Pods-coinWellHomeWork.release.xcconfig"; path = "Target Support Files/Pods-coinWellHomeWork/Pods-coinWellHomeWork.release.xcconfig"; sourceTree = "<group>"; };
		7448C657D2A83DECE3017A72 /* Pods-coinWellHomeWork.debug.xcconfig */ = {isa = PBXFileReference; includeInIndex = 1; lastKnownFileType = text.xcconfig; name = "Pods-coinWellHomeWork.debug.xcconfig"; path = "Target Support Files/Pods-coinWellHomeWork/Pods-coinWellHomeWork.debug.xcconfig"; sourceTree = "<group>"; };
		A90BBDB203AB8E2FEFCEFB58 /* Pods_coinWellHomeWork.framework */ = {isa = PBXFileReference; explicitFileType = wrapper.framework; includeInIndex = 0; path = Pods_coinWellHomeWork.framework; sourceTree = BUILT_PRODUCTS_DIR; };
		DD3CCA2527BE432F00FA18FF /* CoinTableViewCell.swift */ = {isa = PBXFileReference; lastKnownFileType = sourcecode.swift; path = CoinTableViewCell.swift; sourceTree = "<group>"; };
		DD6C04B927D0C6F7004213C5 /* README.md */ = {isa = PBXFileReference; lastKnownFileType = net.daringfireball.markdown; path = README.md; sourceTree = "<group>"; };
		DDEADC3727BE33F60040D95A /* coinWellHomeWork.app */ = {isa = PBXFileReference; explicitFileType = wrapper.application; includeInIndex = 0; path = coinWellHomeWork.app; sourceTree = BUILT_PRODUCTS_DIR; };
		DDEADC3A27BE33F60040D95A /* AppDelegate.swift */ = {isa = PBXFileReference; lastKnownFileType = sourcecode.swift; path = AppDelegate.swift; sourceTree = "<group>"; };
		DDEADC3C27BE33F60040D95A /* SceneDelegate.swift */ = {isa = PBXFileReference; lastKnownFileType = sourcecode.swift; path = SceneDelegate.swift; sourceTree = "<group>"; };
		DDEADC3E27BE33F60040D95A /* ViewController.swift */ = {isa = PBXFileReference; lastKnownFileType = sourcecode.swift; path = ViewController.swift; sourceTree = "<group>"; };
		DDEADC4127BE33F60040D95A /* Base */ = {isa = PBXFileReference; lastKnownFileType = file.storyboard; name = Base; path = Base.lproj/Main.storyboard; sourceTree = "<group>"; };
		DDEADC4327BE33F80040D95A /* Assets.xcassets */ = {isa = PBXFileReference; lastKnownFileType = folder.assetcatalog; path = Assets.xcassets; sourceTree = "<group>"; };
		DDEADC4627BE33F80040D95A /* Base */ = {isa = PBXFileReference; lastKnownFileType = file.storyboard; name = Base; path = Base.lproj/LaunchScreen.storyboard; sourceTree = "<group>"; };
		DDEADC4827BE33F80040D95A /* Info.plist */ = {isa = PBXFileReference; lastKnownFileType = text.plist.xml; path = Info.plist; sourceTree = "<group>"; };
		DDEADC5127BE38A20040D95A /* ApiManager.swift */ = {isa = PBXFileReference; lastKnownFileType = sourcecode.swift; path = ApiManager.swift; sourceTree = "<group>"; };
		DDEADC5327BE3B690040D95A /* CoinServerModel.swift */ = {isa = PBXFileReference; lastKnownFileType = sourcecode.swift; path = CoinServerModel.swift; sourceTree = "<group>"; };
		DDEADC5527BE3C340040D95A /* CoinClientModel.swift */ = {isa = PBXFileReference; lastKnownFileType = sourcecode.swift; path = CoinClientModel.swift; sourceTree = "<group>"; };
		DDEADC5727BE3C700040D95A /* ModelConverter.swift */ = {isa = PBXFileReference; lastKnownFileType = sourcecode.swift; path = ModelConverter.swift; sourceTree = "<group>"; };
/* End PBXFileReference section */

/* Begin PBXFrameworksBuildPhase section */
		DDEADC3427BE33F60040D95A /* Frameworks */ = {
			isa = PBXFrameworksBuildPhase;
			buildActionMask = 2147483647;
			files = (
				68BF327D2620C787DF0A3730 /* Pods_coinWellHomeWork.framework in Frameworks */,
			);
			runOnlyForDeploymentPostprocessing = 0;
		};
/* End PBXFrameworksBuildPhase section */

/* Begin PBXGroup section */
		D812C215A4EC51363F013BD1 /* Pods */ = {
			isa = PBXGroup;
			children = (
				7448C657D2A83DECE3017A72 /* Pods-coinWellHomeWork.debug.xcconfig */,
				16BEAFA7393041573F42DC22 /* Pods-coinWellHomeWork.release.xcconfig */,
			);
			path = Pods;
			sourceTree = "<group>";
		};
		DD3CCA2427BE430C00FA18FF /* Cell */ = {
			isa = PBXGroup;
			children = (
				DD3CCA2527BE432F00FA18FF /* CoinTableViewCell.swift */,
			);
			path = Cell;
			sourceTree = "<group>";
		};
		DDEADC2E27BE33F60040D95A = {
			isa = PBXGroup;
			children = (
				DDEADC3927BE33F60040D95A /* coinWellHomeWork */,
				DDEADC3827BE33F60040D95A /* Products */,
				D812C215A4EC51363F013BD1 /* Pods */,
				EAC0AEA02B4C2C37620D928C /* Frameworks */,
			);
			sourceTree = "<group>";
		};
		DDEADC3827BE33F60040D95A /* Products */ = {
			isa = PBXGroup;
			children = (
				DDEADC3727BE33F60040D95A /* coinWellHomeWork.app */,
			);
			name = Products;
			sourceTree = "<group>";
		};
		DDEADC3927BE33F60040D95A /* coinWellHomeWork */ = {
			isa = PBXGroup;
			children = (
				DDEADC5027BE387A0040D95A /* Model */,
				DDEADC4F27BE38740040D95A /* View */,
				DDEADC4E27BE38670040D95A /* Controller */,
				DDEADC4327BE33F80040D95A /* Assets.xcassets */,
				DDEADC3A27BE33F60040D95A /* AppDelegate.swift */,
				DDEADC3C27BE33F60040D95A /* SceneDelegate.swift */,
				DDEADC4827BE33F80040D95A /* Info.plist */,
				DD6C04B927D0C6F7004213C5 /* README.md */,
			);
			path = coinWellHomeWork;
			sourceTree = "<group>";
		};
		DDEADC4E27BE38670040D95A /* Controller */ = {
			isa = PBXGroup;
			children = (
				DD3CCA2427BE430C00FA18FF /* Cell */,
				DDEADC3E27BE33F60040D95A /* ViewController.swift */,
			);
			path = Controller;
			sourceTree = "<group>";
		};
		DDEADC4F27BE38740040D95A /* View */ = {
			isa = PBXGroup;
			children = (
				DDEADC4027BE33F60040D95A /* Main.storyboard */,
				DDEADC4527BE33F80040D95A /* LaunchScreen.storyboard */,
			);
			path = View;
			sourceTree = "<group>";
		};
		DDEADC5027BE387A0040D95A /* Model */ = {
			isa = PBXGroup;
			children = (
				DDEADC5127BE38A20040D95A /* ApiManager.swift */,
				DDEADC5327BE3B690040D95A /* CoinServerModel.swift */,
				DDEADC5527BE3C340040D95A /* CoinClientModel.swift */,
				DDEADC5727BE3C700040D95A /* ModelConverter.swift */,
			);
			path = Model;
			sourceTree = "<group>";
		};
		EAC0AEA02B4C2C37620D928C /* Frameworks */ = {
			isa = PBXGroup;
			children = (
				A90BBDB203AB8E2FEFCEFB58 /* Pods_coinWellHomeWork.framework */,
			);
			name = Frameworks;
			sourceTree = "<group>";
		};
/* End PBXGroup section */

/* Begin PBXNativeTarget section */
		DDEADC3627BE33F60040D95A /* coinWellHomeWork */ = {
			isa = PBXNativeTarget;
			buildConfigurationList = DDEADC4B27BE33F80040D95A /* Build configuration list for PBXNativeTarget "coinWellHomeWork" */;
			buildPhases = (
				B066F512FB71DCFA564748BE /* [CP] Check Pods Manifest.lock */,
				DDEADC3327BE33F60040D95A /* Sources */,
				DDEADC3427BE33F60040D95A /* Frameworks */,
				DDEADC3527BE33F60040D95A /* Resources */,
				33C0E1B38F0EBECCAEF02300 /* [CP] Embed Pods Frameworks */,
			);
			buildRules = (
			);
			dependencies = (
			);
			name = coinWellHomeWork;
			productName = coinWellHomeWork;
			productReference = DDEADC3727BE33F60040D95A /* coinWellHomeWork.app */;
			productType = "com.apple.product-type.application";
		};
/* End PBXNativeTarget section */

/* Begin PBXProject section */
		DDEADC2F27BE33F60040D95A /* Project object */ = {
			isa = PBXProject;
			attributes = {
				BuildIndependentTargetsInParallel = 1;
				LastSwiftUpdateCheck = 1320;
				LastUpgradeCheck = 1320;
				TargetAttributes = {
					DDEADC3627BE33F60040D95A = {
						CreatedOnToolsVersion = 13.2.1;
					};
				};
			};
			buildConfigurationList = DDEADC3227BE33F60040D95A /* Build configuration list for PBXProject "coinWellHomeWork" */;
			compatibilityVersion = "Xcode 13.0";
			developmentRegion = en;
			hasScannedForEncodings = 0;
			knownRegions = (
				en,
				Base,
			);
			mainGroup = DDEADC2E27BE33F60040D95A;
			productRefGroup = DDEADC3827BE33F60040D95A /* Products */;
			projectDirPath = "";
			projectRoot = "";
			targets = (
				DDEADC3627BE33F60040D95A /* coinWellHomeWork */,
			);
		};
/* End PBXProject section */

/* Begin PBXResourcesBuildPhase section */
		DDEADC3527BE33F60040D95A /* Resources */ = {
			isa = PBXResourcesBuildPhase;
			buildActionMask = 2147483647;
			files = (
				DDEADC4727BE33F80040D95A /* LaunchScreen.storyboard in Resources */,
				DDEADC4427BE33F80040D95A /* Assets.xcassets in Resources */,
				DDEADC4227BE33F60040D95A /* Main.storyboard in Resources */,
			);
			runOnlyForDeploymentPostprocessing = 0;
		};
/* End PBXResourcesBuildPhase section */

/* Begin PBXShellScriptBuildPhase section */
		33C0E1B38F0EBECCAEF02300 /* [CP] Embed Pods Frameworks */ = {
			isa = PBXShellScriptBuildPhase;
			buildActionMask = 2147483647;
			files = (
			);
			inputFileListPaths = (
				"${PODS_ROOT}/Target Support Files/Pods-coinWellHomeWork/Pods-coinWellHomeWork-frameworks-${CONFIGURATION}-input-files.xcfilelist",
			);
			name = "[CP] Embed Pods Frameworks";
			outputFileListPaths = (
				"${PODS_ROOT}/Target Support Files/Pods-coinWellHomeWork/Pods-coinWellHomeWork-frameworks-${CONFIGURATION}-output-files.xcfilelist",
			);
			runOnlyForDeploymentPostprocessing = 0;
			shellPath = /bin/sh;
			shellScript = "\"${PODS_ROOT}/Target Support Files/Pods-coinWellHomeWork/Pods-coinWellHomeWork-frameworks.sh\"\n";
			showEnvVarsInLog = 0;
		};
		B066F512FB71DCFA564748BE /* [CP] Check Pods Manifest.lock */ = {
			isa = PBXShellScriptBuildPhase;
			buildActionMask = 2147483647;
			files = (
			);
			inputFileListPaths = (
			);
			inputPaths = (
				"${PODS_PODFILE_DIR_PATH}/Podfile.lock",
				"${PODS_ROOT}/Manifest.lock",
			);
			name = "[CP] Check Pods Manifest.lock";
			outputFileListPaths = (
			);
			outputPaths = (
				"$(DERIVED_FILE_DIR)/Pods-coinWellHomeWork-checkManifestLockResult.txt",
			);
			runOnlyForDeploymentPostprocessing = 0;
			shellPath = /bin/sh;
			shellScript = "diff \"${PODS_PODFILE_DIR_PATH}/Podfile.lock\" \"${PODS_ROOT}/Manifest.lock\" > /dev/null\nif [ $? != 0 ] ; then\n    # print error to STDERR\n    echo \"error: The sandbox is not in sync with the Podfile.lock. Run 'pod install' or update your CocoaPods installation.\" >&2\n    exit 1\nfi\n# This output is used by Xcode 'outputs' to avoid re-running this script phase.\necho \"SUCCESS\" > \"${SCRIPT_OUTPUT_FILE_0}\"\n";
			showEnvVarsInLog = 0;
		};
/* End PBXShellScriptBuildPhase section */

/* Begin PBXSourcesBuildPhase section */
		DDEADC3327BE33F60040D95A /* Sources */ = {
			isa = PBXSourcesBuildPhase;
			buildActionMask = 2147483647;
			files = (
				DDEADC5227BE38A20040D95A /* ApiManager.swift in Sources */,
				DDEADC3F27BE33F60040D95A /* ViewController.swift in Sources */,
				DDEADC5427BE3B690040D95A /* CoinServerModel.swift in Sources */,
				DDEADC5827BE3C700040D95A /* ModelConverter.swift in Sources */,
				DDEADC5627BE3C340040D95A /* CoinClientModel.swift in Sources */,
				DDEADC3B27BE33F60040D95A /* AppDelegate.swift in Sources */,
				DD3CCA2627BE432F00FA18FF /* CoinTableViewCell.swift in Sources */,
				DDEADC3D27BE33F60040D95A /* SceneDelegate.swift in Sources */,
			);
			runOnlyForDeploymentPostprocessing = 0;
		};
/* End PBXSourcesBuildPhase section */

/* Begin PBXVariantGroup section */
		DDEADC4027BE33F60040D95A /* Main.storyboard */ = {
			isa = PBXVariantGroup;
			children = (
				DDEADC4127BE33F60040D95A /* Base */,
			);
			name = Main.storyboard;
			sourceTree = "<group>";
		};
		DDEADC4527BE33F80040D95A /* LaunchScreen.storyboard */ = {
			isa = PBXVariantGroup;
			children = (
				DDEADC4627BE33F80040D95A /* Base */,
			);
			name = LaunchScreen.storyboard;
			sourceTree = "<group>";
		};
/* End PBXVariantGroup section */

/* Begin XCBuildConfiguration section */
		DDEADC4927BE33F80040D95A /* Debug */ = {
			isa = XCBuildConfiguration;
			buildSettings = {
				ALWAYS_SEARCH_USER_PATHS = NO;
				CLANG_ANALYZER_NONNULL = YES;
				CLANG_ANALYZER_NUMBER_OBJECT_CONVERSION = YES_AGGRESSIVE;
				CLANG_CXX_LANGUAGE_STANDARD = "gnu++17";
				CLANG_CXX_LIBRARY = "libc++";
				CLANG_ENABLE_MODULES = YES;
				CLANG_ENABLE_OBJC_ARC = YES;
				CLANG_ENABLE_OBJC_WEAK = YES;
				CLANG_WARN_BLOCK_CAPTURE_AUTORELEASING = YES;
				CLANG_WARN_BOOL_CONVERSION = YES;
				CLANG_WARN_COMMA = YES;
				CLANG_WARN_CONSTANT_CONVERSION = YES;
				CLANG_WARN_DEPRECATED_OBJC_IMPLEMENTATIONS = YES;
				CLANG_WARN_DIRECT_OBJC_ISA_USAGE = YES_ERROR;
				CLANG_WARN_DOCUMENTATION_COMMENTS = YES;
				CLANG_WARN_EMPTY_BODY = YES;
				CLANG_WARN_ENUM_CONVERSION = YES;
				CLANG_WARN_INFINITE_RECURSION = YES;
				CLANG_WARN_INT_CONVERSION = YES;
				CLANG_WARN_NON_LITERAL_NULL_CONVERSION = YES;
				CLANG_WARN_OBJC_IMPLICIT_RETAIN_SELF = YES;
				CLANG_WARN_OBJC_LITERAL_CONVERSION = YES;
				CLANG_WARN_OBJC_ROOT_CLASS = YES_ERROR;
				CLANG_WARN_QUOTED_INCLUDE_IN_FRAMEWORK_HEADER = YES;
				CLANG_WARN_RANGE_LOOP_ANALYSIS = YES;
				CLANG_WARN_STRICT_PROTOTYPES = YES;
				CLANG_WARN_SUSPICIOUS_MOVE = YES;
				CLANG_WARN_UNGUARDED_AVAILABILITY = YES_AGGRESSIVE;
				CLANG_WARN_UNREACHABLE_CODE = YES;
				CLANG_WARN__DUPLICATE_METHOD_MATCH = YES;
				COPY_PHASE_STRIP = NO;
				DEBUG_INFORMATION_FORMAT = dwarf;
				ENABLE_STRICT_OBJC_MSGSEND = YES;
				ENABLE_TESTABILITY = YES;
				GCC_C_LANGUAGE_STANDARD = gnu11;
				GCC_DYNAMIC_NO_PIC = NO;
				GCC_NO_COMMON_BLOCKS = YES;
				GCC_OPTIMIZATION_LEVEL = 0;
				GCC_PREPROCESSOR_DEFINITIONS = (
					"DEBUG=1",
					"$(inherited)",
				);
				GCC_WARN_64_TO_32_BIT_CONVERSION = YES;
				GCC_WARN_ABOUT_RETURN_TYPE = YES_ERROR;
				GCC_WARN_UNDECLARED_SELECTOR = YES;
				GCC_WARN_UNINITIALIZED_AUTOS = YES_AGGRESSIVE;
				GCC_WARN_UNUSED_FUNCTION = YES;
				GCC_WARN_UNUSED_VARIABLE = YES;
				IPHONEOS_DEPLOYMENT_TARGET = 15.2;
				MTL_ENABLE_DEBUG_INFO = INCLUDE_SOURCE;
				MTL_FAST_MATH = YES;
				ONLY_ACTIVE_ARCH = YES;
				SDKROOT = iphoneos;
				SWIFT_ACTIVE_COMPILATION_CONDITIONS = DEBUG;
				SWIFT_OPTIMIZATION_LEVEL = "-Onone";
			};
			name = Debug;
		};
		DDEADC4A27BE33F80040D95A /* Release */ = {
			isa = XCBuildConfiguration;
			buildSettings = {
				ALWAYS_SEARCH_USER_PATHS = NO;
				CLANG_ANALYZER_NONNULL = YES;
				CLANG_ANALYZER_NUMBER_OBJECT_CONVERSION = YES_AGGRESSIVE;
				CLANG_CXX_LANGUAGE_STANDARD = "gnu++17";
				CLANG_CXX_LIBRARY = "libc++";
				CLANG_ENABLE_MODULES = YES;
				CLANG_ENABLE_OBJC_ARC = YES;
				CLANG_ENABLE_OBJC_WEAK = YES;
				CLANG_WARN_BLOCK_CAPTURE_AUTORELEASING = YES;
				CLANG_WARN_BOOL_CONVERSION = YES;
				CLANG_WARN_COMMA = YES;
				CLANG_WARN_CONSTANT_CONVERSION = YES;
				CLANG_WARN_DEPRECATED_OBJC_IMPLEMENTATIONS = YES;
				CLANG_WARN_DIRECT_OBJC_ISA_USAGE = YES_ERROR;
				CLANG_WARN_DOCUMENTATION_COMMENTS = YES;
				CLANG_WARN_EMPTY_BODY = YES;
				CLANG_WARN_ENUM_CONVERSION = YES;
				CLANG_WARN_INFINITE_RECURSION = YES;
				CLANG_WARN_INT_CONVERSION = YES;
				CLANG_WARN_NON_LITERAL_NULL_CONVERSION = YES;
				CLANG_WARN_OBJC_IMPLICIT_RETAIN_SELF = YES;
				CLANG_WARN_OBJC_LITERAL_CONVERSION = YES;
				CLANG_WARN_OBJC_ROOT_CLASS = YES_ERROR;
				CLANG_WARN_QUOTED_INCLUDE_IN_FRAMEWORK_HEADER = YES;
				CLANG_WARN_RANGE_LOOP_ANALYSIS = YES;
				CLANG_WARN_STRICT_PROTOTYPES = YES;
				CLANG_WARN_SUSPICIOUS_MOVE = YES;
				CLANG_WARN_UNGUARDED_AVAILABILITY = YES_AGGRESSIVE;
				CLANG_WARN_UNREACHABLE_CODE = YES;
				CLANG_WARN__DUPLICATE_METHOD_MATCH = YES;
				COPY_PHASE_STRIP = NO;
				DEBUG_INFORMATION_FORMAT = "dwarf-with-dsym";
				ENABLE_NS_ASSERTIONS = NO;
				ENABLE_STRICT_OBJC_MSGSEND = YES;
				GCC_C_LANGUAGE_STANDARD = gnu11;
				GCC_NO_COMMON_BLOCKS = YES;
				GCC_WARN_64_TO_32_BIT_CONVERSION = YES;
				GCC_WARN_ABOUT_RETURN_TYPE = YES_ERROR;
				GCC_WARN_UNDECLARED_SELECTOR = YES;
				GCC_WARN_UNINITIALIZED_AUTOS = YES_AGGRESSIVE;
				GCC_WARN_UNUSED_FUNCTION = YES;
				GCC_WARN_UNUSED_VARIABLE = YES;
				IPHONEOS_DEPLOYMENT_TARGET = 15.2;
				MTL_ENABLE_DEBUG_INFO = NO;
				MTL_FAST_MATH = YES;
				SDKROOT = iphoneos;
				SWIFT_COMPILATION_MODE = wholemodule;
				SWIFT_OPTIMIZATION_LEVEL = "-O";
				VALIDATE_PRODUCT = YES;
			};
			name = Release;
		};
		DDEADC4C27BE33F80040D95A /* Debug */ = {
			isa = XCBuildConfiguration;
			baseConfigurationReference = 7448C657D2A83DECE3017A72 /* Pods-coinWellHomeWork.debug.xcconfig */;
			buildSettings = {
				ASSETCATALOG_COMPILER_APPICON_NAME = AppIcon;
				ASSETCATALOG_COMPILER_GLOBAL_ACCENT_COLOR_NAME = AccentColor;
				CODE_SIGN_STYLE = Automatic;
				CURRENT_PROJECT_VERSION = 1;
				DEVELOPMENT_TEAM = B9S2MDX3F7;
				GENERATE_INFOPLIST_FILE = YES;
				INFOPLIST_FILE = coinWellHomeWork/Info.plist;
				INFOPLIST_KEY_UIApplicationSupportsIndirectInputEvents = YES;
				INFOPLIST_KEY_UILaunchStoryboardName = LaunchScreen;
				INFOPLIST_KEY_UIMainStoryboardFile = Main;
				INFOPLIST_KEY_UISupportedInterfaceOrientations_iPad = "UIInterfaceOrientationPortrait UIInterfaceOrientationPortraitUpsideDown UIInterfaceOrientationLandscapeLeft UIInterfaceOrientationLandscapeRight";
				INFOPLIST_KEY_UISupportedInterfaceOrientations_iPhone = "UIInterfaceOrientationPortrait UIInterfaceOrientationLandscapeLeft UIInterfaceOrientationLandscapeRight";
				LD_RUNPATH_SEARCH_PATHS = (
					"$(inherited)",
					"@executable_path/Frameworks",
				);
				MARKETING_VERSION = 1.0;
				PRODUCT_BUNDLE_IDENTIFIER = "-1101.coinWellHomeWork";
				PRODUCT_NAME = "$(TARGET_NAME)";
				SWIFT_EMIT_LOC_STRINGS = YES;
				SWIFT_VERSION = 5.0;
				TARGETED_DEVICE_FAMILY = "1,2";
			};
			name = Debug;
		};
		DDEADC4D27BE33F80040D95A /* Release */ = {
			isa = XCBuildConfiguration;
			baseConfigurationReference = 16BEAFA7393041573F42DC22 /* Pods-coinWellHomeWork.release.xcconfig */;
			buildSettings = {
				ASSETCATALOG_COMPILER_APPICON_NAME = AppIcon;
				ASSETCATALOG_COMPILER_GLOBAL_ACCENT_COLOR_NAME = AccentColor;
				CODE_SIGN_STYLE = Automatic;
				CURRENT_PROJECT_VERSION = 1;
				DEVELOPMENT_TEAM = B9S2MDX3F7;
				GENERATE_INFOPLIST_FILE = YES;
				INFOPLIST_FILE = coinWellHomeWork/Info.plist;
				INFOPLIST_KEY_UIApplicationSupportsIndirectInputEvents = YES;
				INFOPLIST_KEY_UILaunchStoryboardName = LaunchScreen;
				INFOPLIST_KEY_UIMainStoryboardFile = Main;
				INFOPLIST_KEY_UISupportedInterfaceOrientations_iPad = "UIInterfaceOrientationPortrait UIInterfaceOrientationPortraitUpsideDown UIInterfaceOrientationLandscapeLeft UIInterfaceOrientationLandscapeRight";
				INFOPLIST_KEY_UISupportedInterfaceOrientations_iPhone = "UIInterfaceOrientationPortrait UIInterfaceOrientationLandscapeLeft UIInterfaceOrientationLandscapeRight";
				LD_RUNPATH_SEARCH_PATHS = (
					"$(inherited)",
					"@executable_path/Frameworks",
				);
				MARKETING_VERSION = 1.0;
				PRODUCT_BUNDLE_IDENTIFIER = "-1101.coinWellHomeWork";
				PRODUCT_NAME = "$(TARGET_NAME)";
				SWIFT_EMIT_LOC_STRINGS = YES;
				SWIFT_VERSION = 5.0;
				TARGETED_DEVICE_FAMILY = "1,2";
			};
			name = Release;
		};
/* End XCBuildConfiguration section */

/* Begin XCConfigurationList section */
		DDEADC3227BE33F60040D95A /* Build configuration list for PBXProject "coinWellHomeWork" */ = {
			isa = XCConfigurationList;
			buildConfigurations = (
				DDEADC4927BE33F80040D95A /* Debug */,
				DDEADC4A27BE33F80040D95A /* Release */,
			);
			defaultConfigurationIsVisible = 0;
			defaultConfigurationName = Release;
		};
		DDEADC4B27BE33F80040D95A /* Build configuration list for PBXNativeTarget "coinWellHomeWork" */ = {
			isa = XCConfigurationList;
			buildConfigurations = (
				DDEADC4C27BE33F80040D95A /* Debug */,
				DDEADC4D27BE33F80040D95A /* Release */,
			);
			defaultConfigurationIsVisible = 0;
			defaultConfigurationName = Release;
		};
/* End XCConfigurationList section */
	};
	rootObject = DDEADC2F27BE33F60040D95A /* Project object */;
}
